
Microsoft Visual Studio Solution File, Format Version 12.00
# Visual Studio Version 16
VisualStudioVersion = 16.0.32106.194
MinimumVisualStudioVersion = 10.0.40219.1
Project("{FAE04EC0-301F-11D3-BF4B-00C04F79EFBC}") = "Spider_App.Android", "Spider_App.Android\Spider_App.Android.csproj", "{FD42CCD1-762D-436F-A9F1-DC991C2369F0}"
EndProject
Project("{FAE04EC0-301F-11D3-BF4B-00C04F79EFBC}") = "Spider_App.iOS", "Spider_App.iOS\Spider_App.iOS.csproj", "{9F026F5C-14D9-47E3-8FC9-CFF512699725}"
EndProject
Project("{FAE04EC0-301F-11D3-BF4B-00C04F79EFBC}") = "Spider_App", "Spider_App\Spider_App.csproj", "{26EDF2AE-B599-42E1-A52F-A55023ED8D65}"
EndProject
Global
	GlobalSection(SolutionConfigurationPlatforms) = preSolution
		Debug|Any CPU = Debug|Any CPU
		Debug|iPhone = Debug|iPhone
		Debug|iPhoneSimulator = Debug|iPhoneSimulator
		Release|Any CPU = Release|Any CPU
		Release|iPhone = Release|iPhone
		Release|iPhoneSimulator = Release|iPhoneSimulator
	EndGlobalSection
	GlobalSection(ProjectConfigurationPlatforms) = postSolution
		{FD42CCD1-762D-436F-A9F1-DC991C2369F0}.Debug|Any CPU.ActiveCfg = Debug|Any CPU
		{FD42CCD1-762D-436F-A9F1-DC991C2369F0}.Debug|Any CPU.Build.0 = Debug|Any CPU
		{FD42CCD1-762D-436F-A9F1-DC991C2369F0}.Debug|Any CPU.Deploy.0 = Debug|Any CPU
		{FD42CCD1-762D-436F-A9F1-DC991C2369F0}.Debug|iPhone.ActiveCfg = Debug|Any CPU
		{FD42CCD1-762D-436F-A9F1-DC991C2369F0}.Debug|iPhone.Build.0 = Debug|Any CPU
		{FD42CCD1-762D-436F-A9F1-DC991C2369F0}.Debug|iPhone.Deploy.0 = Debug|Any CPU
		{FD42CCD1-762D-436F-A9F1-DC991C2369F0}.Debug|iPhoneSimulator.ActiveCfg = Debug|Any CPU
		{FD42CCD1-762D-436F-A9F1-DC991C2369F0}.Debug|iPhoneSimulator.Build.0 = Debug|Any CPU
		{FD42CCD1-762D-436F-A9F1-DC991C2369F0}.Debug|iPhoneSimulator.Deploy.0 = Debug|Any CPU
		{FD42CCD1-762D-436F-A9F1-DC991C2369F0}.Release|Any CPU.ActiveCfg = Release|Any CPU
		{FD42CCD1-762D-436F-A9F1-DC991C2369F0}.Release|Any CPU.Build.0 = Release|Any CPU
		{FD42CCD1-762D-436F-A9F1-DC991C2369F0}.Release|Any CPU.Deploy.0 = Release|Any CPU
		{FD42CCD1-762D-436F-A9F1-DC991C2369F0}.Release|iPhone.ActiveCfg = Release|Any CPU
		{FD42CCD1-762D-436F-A9F1-DC991C2369F0}.Release|iPhone.Build.0 = Release|Any CPU
		{FD42CCD1-762D-436F-A9F1-DC991C2369F0}.Release|iPhone.Deploy.0 = Release|Any CPU
		{FD42CCD1-762D-436F-A9F1-DC991C2369F0}.Release|iPhoneSimulator.ActiveCfg = Release|Any CPU
		{FD42CCD1-762D-436F-A9F1-DC991C2369F0}.Release|iPhoneSimulator.Build.0 = Release|Any CPU
		{FD42CCD1-762D-436F-A9F1-DC991C2369F0}.Release|iPhoneSimulator.Deploy.0 = Release|Any CPU
		{9F026F5C-14D9-47E3-8FC9-CFF512699725}.Debug|Any CPU.ActiveCfg = Debug|iPhone
		{9F026F5C-14D9-47E3-8FC9-CFF512699725}.Debug|Any CPU.Build.0 = Debug|iPhone
		{9F026F5C-14D9-47E3-8FC9-CFF512699725}.Debug|Any CPU.Deploy.0 = Debug|iPhone
		{9F026F5C-14D9-47E3-8FC9-CFF512699725}.Debug|iPhone.ActiveCfg = Debug|iPhone
		{9F026F5C-14D9-47E3-8FC9-CFF512699725}.Debug|iPhone.Build.0 = Debug|iPhone
		{9F026F5C-14D9-47E3-8FC9-CFF512699725}.Debug|iPhone.Deploy.0 = Debug|iPhone
		{9F026F5C-14D9-47E3-8FC9-CFF512699725}.Debug|iPhoneSimulator.ActiveCfg = Debug|iPhoneSimulator
		{9F026F5C-14D9-47E3-8FC9-CFF512699725}.Debug|iPhoneSimulator.Build.0 = Debug|iPhoneSimulator
		{9F026F5C-14D9-47E3-8FC9-CFF512699725}.Debug|iPhoneSimulator.Deploy.0 = Debug|iPhoneSimulator
		{9F026F5C-14D9-47E3-8FC9-CFF512699725}.Release|Any CPU.ActiveCfg = Release|iPhoneSimulator
		{9F026F5C-14D9-47E3-8FC9-CFF512699725}.Release|Any CPU.Build.0 = Release|iPhoneSimulator
		{9F026F5C-14D9-47E3-8FC9-CFF512699725}.Release|Any CPU.Deploy.0 = Release|iPhoneSimulator
		{9F026F5C-14D9-47E3-8FC9-CFF512699725}.Release|iPhone.ActiveCfg = Release|iPhone
		{9F026F5C-14D9-47E3-8FC9-CFF512699725}.Release|iPhone.Build.0 = Release|iPhone
		{9F026F5C-14D9-47E3-8FC9-CFF512699725}.Release|iPhone.Deploy.0 = Release|iPhone
		{9F026F5C-14D9-47E3-8FC9-CFF512699725}.Release|iPhoneSimulator.ActiveCfg = Release|iPhoneSimulator
		{9F026F5C-14D9-47E3-8FC9-CFF512699725}.Release|iPhoneSimulator.Build.0 = Release|iPhoneSimulator
		{9F026F5C-14D9-47E3-8FC9-CFF512699725}.Release|iPhoneSimulator.Deploy.0 = Release|iPhoneSimulator
		{26EDF2AE-B599-42E1-A52F-A55023ED8D65}.Debug|Any CPU.ActiveCfg = Debug|Any CPU
		{26EDF2AE-B599-42E1-A52F-A55023ED8D65}.Debug|Any CPU.Build.0 = Debug|Any CPU
		{26EDF2AE-B599-42E1-A52F-A55023ED8D65}.Debug|Any CPU.Deploy.0 = Debug|Any CPU
		{26EDF2AE-B599-42E1-A52F-A55023ED8D65}.Debug|iPhone.ActiveCfg = Debug|Any CPU
		{26EDF2AE-B599-42E1-A52F-A55023ED8D65}.Debug|iPhone.Build.0 = Debug|Any CPU
		{26EDF2AE-B599-42E1-A52F-A55023ED8D65}.Debug|iPhone.Deploy.0 = Debug|Any CPU
		{26EDF2AE-B599-42E1-A52F-A55023ED8D65}.Debug|iPhoneSimulator.ActiveCfg = Debug|Any CPU
		{26EDF2AE-B599-42E1-A52F-A55023ED8D65}.Debug|iPhoneSimulator.Build.0 = Debug|Any CPU
		{26EDF2AE-B599-42E1-A52F-A55023ED8D65}.Debug|iPhoneSimulator.Deploy.0 = Debug|Any CPU
		{26EDF2AE-B599-42E1-A52F-A55023ED8D65}.Release|Any CPU.ActiveCfg = Release|Any CPU
		{26EDF2AE-B599-42E1-A52F-A55023ED8D65}.Release|Any CPU.Build.0 = Release|Any CPU
		{26EDF2AE-B599-42E1-A52F-A55023ED8D65}.Release|Any CPU.Deploy.0 = Release|Any CPU
		{26EDF2AE-B599-42E1-A52F-A55023ED8D65}.Release|iPhone.ActiveCfg = Release|Any CPU
		{26EDF2AE-B599-42E1-A52F-A55023ED8D65}.Release|iPhone.Build.0 = Release|Any CPU
		{26EDF2AE-B599-42E1-A52F-A55023ED8D65}.Release|iPhone.Deploy.0 = Release|Any CPU
		{26EDF2AE-B599-42E1-A52F-A55023ED8D65}.Release|iPhoneSimulator.ActiveCfg = Release|Any CPU
		{26EDF2AE-B599-42E1-A52F-A55023ED8D65}.Release|iPhoneSimulator.Build.0 = Release|Any CPU
		{26EDF2AE-B599-42E1-A52F-A55023ED8D65}.Release|iPhoneSimulator.Deploy.0 = Release|Any CPU
	EndGlobalSection
	GlobalSection(SolutionProperties) = preSolution
		HideSolutionNode = FALSE
	EndGlobalSection
	GlobalSection(ExtensibilityGlobals) = postSolution
		SolutionGuid = {967EEDF7-7A21-45EA-97CB-29DEAD59FADE}
	EndGlobalSection
EndGlobal
